{
    "hash": "96248446f934cc6d6affb7547f1140c1",
    "packages": [
        {
            "name": "illuminate/cache",
            "version": "v1.1.0",
            "source": {
                "type": "git",
                "url": "http://github.com/illuminate/cache",
                "reference": "v1.1.0"
            },
            "dist": {
                "type": "zip",
                "url": "https://github.com/illuminate/cache/archive/v1.1.0.zip",
                "reference": "v1.1.0",
                "shasum": ""
            },
            "require": {
                "php": ">=5.3.0",
                "illuminate/database": ">=1.0.0",
                "illuminate/encryption": ">=1.0.0",
                "illuminate/filesystem": ">=1.0.0",
                "illuminate/redis": ">=1.0.0",
                "illuminate/support": ">=1.0.0"
            },
            "require-dev": {
                "mockery/mockery": "0.7.2"
            },
            "time": "2012-12-01 02:16:36",
            "type": "library",
            "autoload": {
                "psr-0": {
                    "Illuminate\\Cache": "src/"
                }
            },
            "notification-url": "https://packagist.org/downloads/",
            "authors": [
                {
                    "name": "Taylor Otwell",
                    "email": "taylorotwell@gmail.com"
                }
            ],
            "description": "A beautiful caching library."
        },
        {
            "name": "illuminate/container",
            "version": "v1.1.0",
            "source": {
                "type": "git",
                "url": "http://github.com/illuminate/container",
                "reference": "v1.1.0"
            },
            "dist": {
                "type": "zip",
                "url": "https://github.com/illuminate/container/archive/v1.1.0.zip",
                "reference": "v1.1.0",
                "shasum": ""
            },
            "require": {
                "php": ">=5.3.0"
            },
            "time": "2012-12-04 02:40:10",
            "type": "library",
            "autoload": {
                "classmap": [
                    "src/"
                ]
            },
            "notification-url": "https://packagist.org/downloads/",
            "authors": [
                {
                    "name": "Taylor Otwell",
                    "email": "taylorotwell@gmail.com"
                }
            ],
            "description": "A powerful IoC container for PHP."
        },
        {
            "name": "illuminate/cookie",
            "version": "v1.1.0",
            "source": {
                "type": "git",
                "url": "http://github.com/illuminate/cookie",
                "reference": "v1.1.0"
            },
            "dist": {
                "type": "zip",
                "url": "https://github.com/illuminate/cookie/archive/v1.1.0.zip",
                "reference": "v1.1.0",
                "shasum": ""
            },
            "require": {
                "php": ">=5.3.0",
                "illuminate/encryption": ">=1.0.0",
                "illuminate/support": ">=1.0.0",
                "symfony/http-foundation": "2.1.0"
            },
            "require-dev": {
                "mockery/mockery": "0.7.2"
            },
            "time": "2012-11-25 19:46:54",
            "type": "library",
            "autoload": {
                "classmap": [
                    "src/"
                ]
            },
            "notification-url": "https://packagist.org/downloads/",
            "authors": [
                {
                    "name": "Taylor Otwell",
                    "email": "taylorotwell@gmail.com"
                }
            ],
            "description": "A cookie creation utility."
        },
        {
            "name": "illuminate/database",
            "version": "v1.1.1",
            "source": {
                "type": "git",
                "url": "http://github.com/illuminate/database",
                "reference": "v1.1.1"
            },
            "dist": {
                "type": "zip",
                "url": "https://github.com/illuminate/database/archive/v1.1.1.zip",
                "reference": "v1.1.1",
                "shasum": ""
            },
            "require": {
                "php": ">=5.3.0",
                "illuminate/events": ">=1.0.0",
                "illuminate/support": ">=1.0.0"
            },
            "require-dev": {
                "illuminate/console": ">=1.0.0",
                "illuminate/filesystem": ">=1.0.0",
                "illuminate/pagination": ">=1.0.0",
                "illuminate/support": ">=1.0.0",
                "mockery/mockery": "0.7.2"
            },
            "time": "2012-12-05 20:02:04",
            "type": "library",
            "autoload": {
                "psr-0": {
                    "Illuminate\\Database": "src/"
                }
            },
            "notification-url": "https://packagist.org/downloads/",
            "authors": [
                {
                    "name": "Taylor Otwell",
                    "email": "taylorotwell@gmail.com"
                }
            ],
            "description": "An elegant database abstraction library.",
            "keywords": [
                "laravel"
            ]
        },
        {
            "name": "illuminate/encryption",
            "version": "v1.1.0",
            "source": {
                "type": "git",
                "url": "http://github.com/illuminate/encryption",
                "reference": "v1.1.0"
            },
            "dist": {
                "type": "zip",
                "url": "https://github.com/illuminate/encryption/archive/v1.1.0.zip",
                "reference": "v1.1.0",
                "shasum": ""
            },
            "require": {
                "php": ">=5.3.0",
                "illuminate/support": ">=1.0.0"
            },
            "time": "2012-11-25 19:47:23",
            "type": "library",
            "autoload": {
                "classmap": [
                    "src"
                ]
            },
            "notification-url": "https://packagist.org/downloads/",
            "authors": [
                {
                    "name": "Taylor Otwell",
                    "email": "taylorotwell@gmail.com"
                }
            ],
            "description": "A simple wrapper around the mcrypt library."
        },
        {
            "name": "illuminate/events",
            "version": "v1.1.0",
            "source": {
                "type": "git",
                "url": "http://github.com/illuminate/events",
                "reference": "v1.1.0"
            },
            "dist": {
                "type": "zip",
                "url": "https://github.com/illuminate/events/archive/v1.1.0.zip",
                "reference": "v1.1.0",
                "shasum": ""
            },
            "require": {
                "php": ">=5.3.0",
                "illuminate/container": ">=1.0.0",
                "illuminate/support": ">=1.0.0"
            },
            "require-dev": {
                "mockery/mockery": "0.7.2"
            },
            "time": "2012-11-25 19:47:40",
            "type": "library",
            "autoload": {
                "psr-0": {
                    "Illuminate\\Events": "src/"
                }
            },
            "notification-url": "https://packagist.org/downloads/",
            "authors": [
                {
                    "name": "Taylor Otwell",
                    "email": "taylorotwell@gmail.com"
                }
            ],
            "description": "A simple, powerful events system."
        },
        {
            "name": "illuminate/filesystem",
            "version": "v1.1.0",
            "source": {
                "type": "git",
                "url": "http://github.com/illuminate/filesystem",
                "reference": "v1.1.0"
            },
            "dist": {
                "type": "zip",
                "url": "https://github.com/illuminate/filesystem/archive/v1.1.0.zip",
                "reference": "v1.1.0",
                "shasum": ""
            },
            "require": {
                "php": ">=5.3.0",
                "illuminate/support": ">=1.0.0"
            },
            "time": "2012-11-25 19:48:20",
            "type": "library",
            "autoload": {
                "classmap": [
                    "src"
                ]
            },
            "notification-url": "https://packagist.org/downloads/",
            "authors": [
                {
                    "name": "Taylor Otwell",
                    "email": "taylorotwell@gmail.com"
                }
            ],
            "description": "A filesystem abstraction library."
        },
        {
            "name": "illuminate/redis",
            "version": "v1.1.0",
            "source": {
                "type": "git",
                "url": "http://github.com/illuminate/redis",
                "reference": "v1.1.0"
            },
            "dist": {
                "type": "zip",
                "url": "https://github.com/illuminate/redis/archive/v1.1.0.zip",
                "reference": "v1.1.0",
                "shasum": ""
            },
            "require": {
                "php": ">=5.3.0",
                "illuminate/support": ">=1.0.0"
            },
            "require-dev": {
                "mockery/mockery": "0.7.2"
            },
            "time": "2012-12-01 04:47:09",
            "type": "library",
            "autoload": {
                "psr-0": {
                    "Illuminate\\Redis": "src/"
                }
            },
            "notification-url": "https://packagist.org/downloads/",
            "authors": [
                {
                    "name": "Taylor Otwell",
                    "email": "taylorotwell@gmail.com"
                }
            ],
            "keywords": [
                "laravel"
            ]
        },
        {
            "name": "illuminate/session",
            "version": "v1.1.0",
            "source": {
                "type": "git",
                "url": "http://github.com/illuminate/session",
                "reference": "v1.1.0"
            },
            "dist": {
                "type": "zip",
                "url": "https://github.com/illuminate/session/archive/v1.1.0.zip",
                "reference": "v1.1.0",
                "shasum": ""
            },
            "require": {
                "php": ">=5.3.0",
                "illuminate/cache": ">=1.0.0",
                "illuminate/cookie": ">=1.0.0",
                "illuminate/database": ">=1.0.0",
                "illuminate/encryption": ">=1.0.0",
                "illuminate/filesystem": ">=1.0.0",
                "illuminate/support": ">=1.0.0",
                "symfony/http-foundation": ">=2.0.0"
            },
            "require-dev": {
                "mockery/mockery": ">=0.7.2"
            },
            "time": "2012-12-01 00:07:27",
            "type": "library",
            "autoload": {
                "psr-0": {
                    "Illuminate\\Session": "src/"
                }
            },
            "notification-url": "https://packagist.org/downloads/",
            "authors": [
                {
                    "name": "Taylor Otwell",
                    "email": "taylorotwell@gmail.com"
                }
            ],
            "description": "A tidy, simple session library."
        },
        {
            "name": "illuminate/support",
            "version": "v1.1.2",
            "source": {
                "type": "git",
                "url": "http://github.com/illuminate/support",
                "reference": "v1.1.2"
            },
            "dist": {
                "type": "zip",
                "url": "https://github.com/illuminate/support/archive/v1.1.2.zip",
                "reference": "v1.1.2",
                "shasum": ""
            },
            "require": {
                "php": ">=5.3.0"
            },
            "time": "2012-12-07 17:38:25",
            "type": "library",
            "autoload": {
                "psr-0": {
                    "Illuminate\\Support": "src/"
                },
                "files": [
                    "src/helpers.php"
                ]
            },
            "notification-url": "https://packagist.org/downloads/",
            "authors": [
                {
                    "name": "Taylor Otwell",
                    "email": "taylorotwell@gmail.com"
                }
            ],
            "description": "Various utilities and support functions."
        },
        {
            "name": "symfony/http-foundation",
            "version": "v2.1.0",
            "target-dir": "Symfony/Component/HttpFoundation",
            "source": {
                "type": "git",
                "url": "https://github.com/symfony/HttpFoundation",
                "reference": "v2.1.1"
            },
            "dist": {
                "type": "zip",
                "url": "https://github.com/symfony/HttpFoundation/zipball/v2.1.1",
                "reference": "v2.1.1",
                "shasum": ""
            },
            "require": {
                "php": ">=5.3.3"
            },
            "time": "2012-09-04 05:24:42",
            "type": "library",
            "extra": {
                "branch-alias": {
                    "dev-master": "2.1-dev"
                }
            },
            "autoload": {
                "psr-0": {
                    "Symfony\\Component\\HttpFoundation": "",
                    "SessionHandlerInterface": "Symfony/Component/HttpFoundation/Resources/stubs"
                }
            },
            "notification-url": "https://packagist.org/downloads/",
            "license": [
                "MIT"
            ],
            "authors": [
                {
                    "name": "Fabien Potencier",
                    "email": "fabien@symfony.com"
                },
                {
                    "name": "Symfony Community",
                    "homepage": "http://symfony.com/contributors"
                }
            ],
            "description": "Symfony HttpFoundation Component",
            "homepage": "http://symfony.com"
        }
    ],
    "packages-dev": [
        {
            "name": "phpunit/php-code-coverage",
            "version": "1.2.7",
            "source": {
                "type": "git",
                "url": "git://github.com/sebastianbergmann/php-code-coverage.git",
                "reference": "1.2.7"
            },
            "dist": {
                "type": "zip",
                "url": "https://github.com/sebastianbergmann/php-code-coverage/archive/1.2.7.zip",
                "reference": "1.2.7",
                "shasum": ""
            },
            "require": {
                "php": ">=5.3.3",
                "phpunit/php-file-iterator": ">=1.3.0@stable",
                "phpunit/php-token-stream": ">=1.1.3@stable",
                "phpunit/php-text-template": ">=1.1.1@stable"
            },
            "suggest": {
                "ext-dom": "*",
                "ext-xdebug": ">=2.0.5"
            },
            "time": "2012-12-02 14:54:55",
            "type": "library",
            "autoload": {
                "classmap": [
                    "PHP/"
                ]
            },
            "notification-url": "https://packagist.org/downloads/",
            "include-path": [
                ""
            ],
            "license": [
                "BSD-3-Clause"
            ],
            "authors": [
                {
                    "name": "Sebastian Bergmann",
                    "email": "sb@sebastian-bergmann.de",
                    "role": "lead"
                }
            ],
            "description": "Library that provides collection, processing, and rendering functionality for PHP code coverage information.",
            "homepage": "https://github.com/sebastianbergmann/php-code-coverage",
            "keywords": [
                "testing",
                "coverage",
                "xunit"
            ]
        },
        {
            "name": "phpunit/php-file-iterator",
            "version": "1.3.3",
            "source": {
                "type": "git",
                "url": "git://github.com/sebastianbergmann/php-file-iterator.git",
                "reference": "1.3.3"
            },
            "dist": {
                "type": "zip",
                "url": "https://github.com/sebastianbergmann/php-file-iterator/zipball/1.3.3",
                "reference": "1.3.3",
                "shasum": ""
            },
            "require": {
                "php": ">=5.3.3"
            },
            "time": "2012-10-11 04:44:38",
            "type": "library",
            "autoload": {
                "classmap": [
                    "File/"
                ]
            },
            "notification-url": "https://packagist.org/downloads/",
            "include-path": [
                ""
            ],
            "license": [
                "BSD-3-Clause"
            ],
            "authors": [
                {
                    "name": "Sebastian Bergmann",
                    "email": "sb@sebastian-bergmann.de",
                    "role": "lead"
                }
            ],
            "description": "FilterIterator implementation that filters files based on a list of suffixes.",
            "homepage": "http://www.phpunit.de/",
            "keywords": [
                "filesystem",
                "iterator"
            ]
        },
        {
            "name": "phpunit/php-text-template",
            "version": "1.1.4",
            "source": {
                "type": "git",
                "url": "git://github.com/sebastianbergmann/php-text-template.git",
                "reference": "1.1.4"
            },
            "dist": {
                "type": "zip",
                "url": "https://github.com/sebastianbergmann/php-text-template/zipball/1.1.4",
                "reference": "1.1.4",
                "shasum": ""
            },
            "require": {
                "php": ">=5.3.3"
            },
            "time": "2012-10-31 11:15:28",
            "type": "library",
            "autoload": {
                "classmap": [
                    "Text/"
                ]
            },
            "notification-url": "https://packagist.org/downloads/",
            "include-path": [
                ""
            ],
            "license": [
                "BSD-3-Clause"
            ],
            "authors": [
                {
                    "name": "Sebastian Bergmann",
                    "email": "sb@sebastian-bergmann.de",
                    "role": "lead"
                }
            ],
            "description": "Simple template engine.",
            "homepage": "https://github.com/sebastianbergmann/php-text-template/",
            "keywords": [
                "template"
            ]
        },
        {
            "name": "phpunit/php-timer",
            "version": "1.0.4",
            "source": {
                "type": "git",
                "url": "git://github.com/sebastianbergmann/php-timer.git",
                "reference": "1.0.4"
            },
            "dist": {
                "type": "zip",
                "url": "https://github.com/sebastianbergmann/php-timer/zipball/1.0.4",
                "reference": "1.0.4",
                "shasum": ""
            },
            "require": {
                "php": ">=5.3.3"
            },
            "time": "2012-10-11 04:45:58",
            "type": "library",
            "autoload": {
                "classmap": [
                    "PHP/"
                ]
            },
            "notification-url": "https://packagist.org/downloads/",
            "include-path": [
                ""
            ],
            "license": [
                "BSD-3-Clause"
            ],
            "authors": [
                {
                    "name": "Sebastian Bergmann",
                    "email": "sb@sebastian-bergmann.de",
                    "role": "lead"
                }
            ],
            "description": "Utility class for timing",
            "homepage": "http://www.phpunit.de/",
            "keywords": [
                "timer"
            ]
        },
        {
            "name": "phpunit/php-token-stream",
            "version": "1.1.5",
            "source": {
                "type": "git",
                "url": "git://github.com/sebastianbergmann/php-token-stream.git",
                "reference": "1.1.5"
            },
            "dist": {
                "type": "zip",
                "url": "https://github.com/sebastianbergmann/php-token-stream/zipball/1.1.5",
                "reference": "1.1.5",
                "shasum": ""
            },
            "require": {
                "ext-tokenizer": "*",
                "php": ">=5.3.3"
            },
            "time": "2012-10-11 04:47:14",
            "type": "library",
            "autoload": {
                "classmap": [
                    "PHP/"
                ]
            },
            "notification-url": "https://packagist.org/downloads/",
            "include-path": [
                ""
            ],
            "license": [
                "BSD-3-Clause"
            ],
            "authors": [
                {
                    "name": "Sebastian Bergmann",
                    "email": "sb@sebastian-bergmann.de",
                    "role": "lead"
                }
            ],
            "description": "Wrapper around PHP's tokenizer extension.",
            "homepage": "http://www.phpunit.de/",
            "keywords": [
                "tokenizer"
            ]
        },
        {
            "name": "phpunit/phpunit",
            "version": "3.7.13",
            "source": {
                "type": "git",
                "url": "git://github.com/sebastianbergmann/phpunit.git",
                "reference": "3.7.13"
            },
            "dist": {
                "type": "zip",
                "url": "https://github.com/sebastianbergmann/phpunit/archive/3.7.13.zip",
                "reference": "3.7.13",
                "shasum": ""
            },
            "require": {
                "php": ">=5.3.3",
                "phpunit/php-file-iterator": ">=1.3.1",
                "phpunit/php-text-template": ">=1.1.1",
                "phpunit/php-code-coverage": ">=1.2.1",
                "phpunit/php-timer": ">=1.0.2",
                "phpunit/phpunit-mock-objects": ">=1.2.0,<1.3.0",
                "symfony/yaml": ">=2.1.0,<2.2.0",
                "ext-dom": "*",
                "ext-pcre": "*",
                "ext-reflection": "*",
                "ext-spl": "*"
            },
            "suggest": {
                "phpunit/php-invoker": ">=1.1.0",
                "ext-json": "*",
                "ext-simplexml": "*",
                "ext-tokenizer": "*"
            },
            "time": "2013-01-13 10:21:19",
            "bin": [
                "composer/bin/phpunit"
            ],
            "type": "library",
            "extra": {
                "branch-alias": {
                    "dev-master": "3.7.x-dev"
                }
            },
            "autoload": {
                "classmap": [
                    "PHPUnit/"
                ]
            },
            "notification-url": "https://packagist.org/downloads/",
            "include-path": [
                "",
                "../../symfony/yaml/"
            ],
            "license": [
                "BSD-3-Clause"
            ],
            "authors": [
                {
                    "name": "Sebastian Bergmann",
                    "email": "sebastian@phpunit.de",
                    "role": "lead"
                }
            ],
            "description": "The PHP Unit Testing framework.",
            "homepage": "http://www.phpunit.de/",
            "keywords": [
                "testing",
                "phpunit",
                "xunit"
            ]
        },
        {
            "name": "phpunit/phpunit-mock-objects",
            "version": "1.2.3",
            "source": {
                "type": "git",
                "url": "git://github.com/sebastianbergmann/phpunit-mock-objects.git",
                "reference": "1.2.3"
            },
            "dist": {
                "type": "zip",
                "url": "https://github.com/sebastianbergmann/phpunit-mock-objects/archive/1.2.3.zip",
                "reference": "1.2.3",
                "shasum": ""
            },
            "require": {
                "php": ">=5.3.3",
                "phpunit/php-text-template": ">=1.1.1@stable"
            },
            "suggest": {
                "ext-soap": "*"
            },
            "time": "2013-01-13 10:24:48",
            "type": "library",
            "autoload": {
                "classmap": [
                    "PHPUnit/"
                ]
            },
            "notification-url": "https://packagist.org/downloads/",
            "include-path": [
                ""
            ],
            "license": [
                "BSD-3-Clause"
            ],
            "authors": [
                {
                    "name": "Sebastian Bergmann",
                    "email": "sb@sebastian-bergmann.de",
                    "role": "lead"
                }
            ],
            "description": "Mock Object library for PHPUnit",
            "homepage": "https://github.com/sebastianbergmann/phpunit-mock-objects/",
            "keywords": [
                "mock",
                "xunit"
            ]
        },
        {
            "name": "symfony/yaml",
            "version": "v2.1.6",
            "target-dir": "Symfony/Component/Yaml",
            "source": {
                "type": "git",
                "url": "https://github.com/symfony/Yaml",
                "reference": "v2.1.6"
            },
            "dist": {
                "type": "zip",
                "url": "https://github.com/symfony/Yaml/archive/v2.1.6.zip",
                "reference": "v2.1.6",
                "shasum": ""
            },
            "require": {
                "php": ">=5.3.3"
            },
            "time": "2012-12-06 10:00:55",
            "type": "library",
            "autoload": {
                "psr-0": {
                    "Symfony\\Component\\Yaml": ""
                }
            },
            "notification-url": "https://packagist.org/downloads/",
            "license": [
                "MIT"
            ],
            "authors": [
                {
                    "name": "Fabien Potencier",
                    "email": "fabien@symfony.com"
                },
                {
                    "name": "Symfony Community",
                    "homepage": "http://symfony.com/contributors"
                }
            ],
            "description": "Symfony Yaml Component",
            "homepage": "http://symfony.com"
        }
    ],
    "aliases": [

    ],
    "minimum-stability": "stable",
    "stability-flags": [

    ]
}
